<?xml version="1.0" encoding="UTF-8" standalone="yes" ?>
<CodeBlocks_project_file>
	<FileVersion major="1" minor="6" />
	<Project>
		<Option title="Air hockey" />
		<Option pch_mode="2" />
		<Option compiler="gcc" />
		<Build>
			<Target title="Debug">
				<Option output="bin/Debug/Air hockey" prefix_auto="1" extension_auto="1" />
				<Option object_output="obj/Debug/" />
				<Option type="1" />
				<Option compiler="gcc" />
				<Compiler>
					<Add option="-g" />
					<Add directory="C:/Program Files (x86)/CodeBlocks/sfml/include" />
				</Compiler>
				<Linker>
					<Add library="sfml-graphics" />
					<Add library="sfml-window" />
					<Add library="sfml-system" />
					<Add directory="C:/Program Files (x86)/CodeBlocks/sfml/lib" />
				</Linker>
			</Target>
			<Target title="Release">
				<Option output="bin/Release/Air hockey" prefix_auto="1" extension_auto="1" />
				<Option object_output="obj/Release/" />
				<Option type="1" />
				<Option compiler="gcc" />
				<Compiler>
					<Add option="-O2" />
				</Compiler>
				<Linker>
					<Add option="-s" />
				</Linker>
			</Target>
		</Build>
		<Compiler>
			<Add option="-Wall" />
			<Add directory="C:/Program Files (x86)/CodeBlocks/sfml/include" />
		</Compiler>
		<Linker>
			<Add library="sfml-graphics" />
			<Add library="sfml-window" />
			<Add library="sfml-system" />
		</Linker>
		<Unit filename="ball.cpp">
			<Option compile="0" />
			<Option link="0" />
		</Unit>
		<Unit filename="ball.h" />
		<Unit filename="main.cpp" />
		<Unit filename="paddle.cpp">
			<Option compile="0" />
			<Option link="0" />
		</Unit>
		<Unit filename="paddle.h" />
		<Unit filename="trial.cpp">
			<Option compile="0" />
			<Option link="0" />
		</Unit>
		<Unit filename="variables.cpp">
			<Option compile="0" />
			<Option link="0" />
		</Unit>
		<Unit filename="variables.h" />
		<Extensions>
			<code_completion />
			<envvars />
			<debugger />
			<lib_finder disable_auto="1" />
		</Extensions>
	</Project>
</CodeBlocks_project_file>
